version = 1
revision = 3
requires-python = ">=3.13"

[[package]]
name = "asyncio"
version = "4.0.0"
source = { registry = "https://pypi.org/simple" }
sdist = { url = "https://files.pythonhosted.org/packages/71/ea/26c489a11f7ca862d5705db67683a7361ce11c23a7b98fc6c2deaeccede2/asyncio-4.0.0.tar.gz", hash = "sha256:570cd9e50db83bc1629152d4d0b7558d6451bb1bfd5dfc2e935d96fc2f40329b", size = 5371, upload-time = "2025-08-05T02:51:46.605Z" }
wheels = [
    { url = "https://files.pythonhosted.org/packages/57/64/eff2564783bd650ca25e15938d1c5b459cda997574a510f7de69688cb0b4/asyncio-4.0.0-py3-none-any.whl", hash = "sha256:c1eddb0659231837046809e68103969b2bef8b0400d59cfa6363f6b5ed8cc88b", size = 5555, upload-time = "2025-08-05T02:51:45.767Z" },
]

[[package]]
name = "beautifulsoup4"
version = "4.14.3"
source = { registry = "https://pypi.org/simple" }
dependencies = [
    { name = "soupsieve" },
    { name = "typing-extensions" },
]
sdist = { url = "https://files.pythonhosted.org/packages/c3/b0/1c6a16426d389813b48d95e26898aff79abbde42ad353958ad95cc8c9b21/beautifulsoup4-4.14.3.tar.gz", hash = "sha256:6292b1c5186d356bba669ef9f7f051757099565ad9ada5dd630bd9de5fa7fb86", size = 627737, upload-time = "2025-11-30T15:08:26.084Z" }
wheels = [
    { url = "https://files.pythonhosted.org/packages/1a/39/47f9197bdd44df24d67ac8893641e16f386c984a0619ef2ee4c51fbbc019/beautifulsoup4-4.14.3-py3-none-any.whl", hash = "sha256:0918bfe44902e6ad8d57732ba310582e98da931428d231a5ecb9e7c703a735bb", size = 107721, upload-time = "2025-11-30T15:08:24.087Z" },
]

[[package]]
name = "chula-license"
version = "0.1.0"
source = { virtual = "." }
dependencies = [
    { name = "asyncio" },
    { name = "beautifulsoup4" },
    { name = "python-dotenv" },
    { name = "rnet" },
]

[package.metadata]
requires-dist = [
    { name = "asyncio", specifier = ">=4.0.0" },
    { name = "beautifulsoup4", specifier = ">=4.14.3" },
    { name = "python-dotenv", specifier = ">=1.2.1" },
    { name = "rnet", specifier = ">=3.0.0rc20" },
]

[[package]]
name = "python-dotenv"
version = "1.2.1"
source = { registry = "https://pypi.org/simple" }
sdist = { url = "https://files.pythonhosted.org/packages/f0/26/19cadc79a718c5edbec86fd4919a6b6d3f681039a2f6d66d14be94e75fb9/python_dotenv-1.2.1.tar.gz", hash = "sha256:42667e897e16ab0d66954af0e60a9caa94f0fd4ecf3aaf6d2d260eec1aa36ad6", size = 44221, upload-time = "2025-10-26T15:12:10.434Z" }
wheels = [
    { url = "https://files.pythonhosted.org/packages/14/1b/a298b06749107c305e1fe0f814c6c74aea7b2f1e10989cb30f544a1b3253/python_dotenv-1.2.1-py3-none-any.whl", hash = "sha256:b81ee9561e9ca4004139c6cbba3a238c32b03e4894671e181b671e8cb8425d61", size = 21230, upload-time = "2025-10-26T15:12:09.109Z" },
]

[[package]]
name = "rnet"
version = "3.0.0rc20"
source = { registry = "https://pypi.org/simple" }
sdist = { url = "https://files.pythonhosted.org/packages/71/f5/43ec1830634314497ed3e987610e1fae805142107e933f950868ad6f6eeb/rnet-3.0.0rc20.tar.gz", hash = "sha256:7f944caea9d8ea3de860950c58e6716654172b2f548b85e3833158b7b4415ec4", size = 92859, upload-time = "2026-01-17T12:35:31.85Z" }
wheels = [
    { url = "https://files.pythonhosted.org/packages/dc/bf/fc69795ba4d74f7a1ecfc6d94eaf1f80c5001cba74dfbb34a916cad8911e/rnet-3.0.0rc20-cp311-abi3-macosx_10_12_x86_64.whl", hash = "sha256:a7b7daffb9f0df471b832886d9fee0ac67903e28469d2f9af3fbf151cf461527", size = 4014561, upload-time = "2026-01-17T12:35:04.437Z" },
    { url = "https://files.pythonhosted.org/packages/12/15/8e82355b16d02b62565a750f595da2e6f568e83898f92a0de675e504a3cc/rnet-3.0.0rc20-cp311-abi3-macosx_11_0_arm64.whl", hash = "sha256:ee4e91ec77023328ebb32cab047d32257dda13e67db1bb96f67fb189dc017155", size = 3783984, upload-time = "2026-01-17T12:34:57.548Z" },
    { url = "https://files.pythonhosted.org/packages/24/c1/4dbf53cc2654ce8acaf90379d18f6bddc3bab53a380796b45cfce8fe9166/rnet-3.0.0rc20-cp311-abi3-manylinux_2_17_x86_64.manylinux2014_x86_64.whl", hash = "sha256:1bb8e11aab9fda85d159c2d921b1069adaedcf3cc561009edcf1dc11c93dec8b", size = 4131021, upload-time = "2026-01-17T12:34:52.276Z" },
    { url = "https://files.pythonhosted.org/packages/fe/63/352fac23180f61c7933193c8ff47103144b2dba55a0bd73579f0e8d6adf0/rnet-3.0.0rc20-cp311-abi3-manylinux_2_34_aarch64.whl", hash = "sha256:2ecbccab193209e935448b4e6b3a28ea8995c8ca61999671b0fecbab8ea72c05", size = 4192288, upload-time = "2026-01-17T12:34:32.044Z" },
    { url = "https://files.pythonhosted.org/packages/27/32/468a613db56d9fd079495c8d94de430c871167568507e7b98af9815e71e2/rnet-3.0.0rc20-cp311-abi3-manylinux_2_34_armv7l.whl", hash = "sha256:76254367ed21c4b5f79a26f2c227eee42ec6ce4864a10e0f67fb57c220af1651", size = 3891084, upload-time = "2026-01-17T12:34:39.094Z" },
    { url = "https://files.pythonhosted.org/packages/c6/03/00c3b91f60ae9dd066ccc759a29d6302cf177bca2098cb1c62bb1a79d20f/rnet-3.0.0rc20-cp311-abi3-manylinux_2_34_i686.whl", hash = "sha256:02f103ac9ed2d5aeedb1538b28022287d92655e49d05cebf48c0dc436526fe56", size = 4279536, upload-time = "2026-01-17T12:34:45.652Z" },
    { url = "https://files.pythonhosted.org/packages/7b/f2/9f5a82e532118c7b78b7039e595b9bfa8336a6c42e7015775503fbf87268/rnet-3.0.0rc20-cp311-abi3-musllinux_1_2_aarch64.whl", hash = "sha256:f31333b20f94c1bc4c77aacac9a7b5f73fa3365d593d1cf0db0bf4250c5551f6", size = 3979633, upload-time = "2026-01-17T12:35:12.878Z" },
    { url = "https://files.pythonhosted.org/packages/1a/f3/476a24cd5b141480d4d3bb26dfd2867eb53831a8cc526fded70d51ff7c33/rnet-3.0.0rc20-cp311-abi3-musllinux_1_2_armv7l.whl", hash = "sha256:196bd36882e8ecf6b44aac8e12e6ec4ee7c0472568d98961d2ca2daf9a6aee4c", size = 3924618, upload-time = "2026-01-17T12:35:18.946Z" },
    { url = "https://files.pythonhosted.org/packages/8f/56/27d1bdf6a71d3124f3787418e4c5be2294f839bf69be4a62aed9669a329d/rnet-3.0.0rc20-cp311-abi3-musllinux_1_2_i686.whl", hash = "sha256:f0816a1374b7a737ef5298c296afb6b52b5c303cdd9f93870bde143511686323", size = 4021855, upload-time = "2026-01-17T12:35:24.484Z" },
    { url = "https://files.pythonhosted.org/packages/90/65/f6cfe8a512f891cd84364f2e9b91b0ae870daedde29f26c37fae9afbe68e/rnet-3.0.0rc20-cp311-abi3-musllinux_1_2_x86_64.whl", hash = "sha256:5036d9724992bd695c1db40fa1a23b3f8f54174f04f2e0a3918ea2e5c14e9e9c", size = 4183160, upload-time = "2026-01-17T12:35:30.399Z" },
    { url = "https://files.pythonhosted.org/packages/b3/c4/e698e7f694d6376b628331a38f1ede0cd03bdf5547a6c9d1b16109e4c24c/rnet-3.0.0rc20-cp311-abi3-win32.whl", hash = "sha256:e69e52a6dbc56f5facd4cb31da81872077c1f63e7075587d3116129cb4a14d90", size = 3561153, upload-time = "2026-01-17T12:35:51.968Z" },
    { url = "https://files.pythonhosted.org/packages/6e/0d/ab136f56c61f3525f580d636b4e71b2dc59c5b33997859d80c3c9e652866/rnet-3.0.0rc20-cp311-abi3-win_amd64.whl", hash = "sha256:8fdf75e8f71d3ef5a7ce5ed2b7aa1c0365e6635846f6d63806049678e88569e3", size = 3884646, upload-time = "2026-01-17T12:35:45.508Z" },
    { url = "https://files.pythonhosted.org/packages/ae/32/f3f7bfc4c348914a4dc361f6ecc983b9c02ae0cade0abfef5771cd5e43e2/rnet-3.0.0rc20-cp311-abi3-win_arm64.whl", hash = "sha256:26b1de521138cd65d85a4104a6d83eaa75ff40b8234302cb52fb0eb3e0bd0229", size = 3557943, upload-time = "2026-01-17T12:35:37.205Z" },
    { url = "https://files.pythonhosted.org/packages/6d/d7/d86b03b28fd7fe54d48476fcf4afa736f328d4d6025e7a5f9a2767d7eb03/rnet-3.0.0rc20-cp313-cp313t-macosx_10_12_x86_64.whl", hash = "sha256:00ad26c5cfadcb5f4b8262b2ac63b7c3cb8259dd1587de9272dc0c5670d1085b", size = 4003498, upload-time = "2026-01-17T12:35:00.049Z" },
    { url = "https://files.pythonhosted.org/packages/7b/d3/e68ccbf8137833a784e64d67bd57b9857c1a554db5e1bb3521a8724deede/rnet-3.0.0rc20-cp313-cp313t-macosx_11_0_arm64.whl", hash = "sha256:197eb800d13d91a8b8cd4ef268b12689ea202f6e3025099821f7558f51c0a655", size = 3769904, upload-time = "2026-01-17T12:34:54.113Z" },
    { url = "https://files.pythonhosted.org/packages/44/ff/78e469a6714bc854a2350a2be25d0e5a94330a54d361b2cf60027898efbd/rnet-3.0.0rc20-cp313-cp313t-manylinux_2_17_x86_64.manylinux2014_x86_64.whl", hash = "sha256:923c1bf532ea850348c8c543788508ab8980c2a18a0b2e4fa5c4e0ceb5fa55bc", size = 4131077, upload-time = "2026-01-17T12:34:47.811Z" },
    { url = "https://files.pythonhosted.org/packages/89/84/ceae4260fc2b90de7604c63c654c5b990e31c6465333432a5cd69c9d10ec/rnet-3.0.0rc20-cp313-cp313t-manylinux_2_34_aarch64.whl", hash = "sha256:49b036cf9547ab77c7b2969ace6584fd78fe4e7050efe2af67358cfb2505cb4d", size = 4188734, upload-time = "2026-01-17T12:34:28.023Z" },
    { url = "https://files.pythonhosted.org/packages/ea/93/a540b37c9b2a0c25ab79bda152b3f78057db2e8365f85e1275a14110c7dc/rnet-3.0.0rc20-cp313-cp313t-manylinux_2_34_armv7l.whl", hash = "sha256:feb4e7550e273491d34a9191433978b2f4a909ecd097758b3f3d93e661534d3c", size = 3888208, upload-time = "2026-01-17T12:34:34.451Z" },
    { url = "https://files.pythonhosted.org/packages/a8/a8/52e192f09aed76df5877a71d78f57af20639e08345865d5a7d962b8464c6/rnet-3.0.0rc20-cp313-cp313t-manylinux_2_34_i686.whl", hash = "sha256:268d657ba7c1bd8b98c585b819f93107cc529e8083f064624fe4f3879870c6c1", size = 4275690, upload-time = "2026-01-17T12:34:41.457Z" },
    { url = "https://files.pythonhosted.org/packages/fe/62/69919279c40d886e43f2be2dd5ceaf3691a4208c31378cb9560f1328bcd7/rnet-3.0.0rc20-cp313-cp313t-musllinux_1_2_aarch64.whl", hash = "sha256:9a146de0731b2bf280154971911b2a260913f4b804451a2ed8da4c50a75d1451", size = 3975736, upload-time = "2026-01-17T12:35:06.611Z" },
    { url = "https://files.pythonhosted.org/packages/43/2a/dc32542512669c4091ee013cfced0d515040531bf1fbbfee9a86a367ed1a/rnet-3.0.0rc20-cp313-cp313t-musllinux_1_2_armv7l.whl", hash = "sha256:436d762ca61a6eefbc089d1976573b0b61e661fec236bd266ac19279539e6c81", size = 3918354, upload-time = "2026-01-17T12:35:14.865Z" },
    { url = "https://files.pythonhosted.org/packages/77/32/52fc1deb7de821db55c0c5b6f73fc0b46258ddabc6b4b3d46d3ae992f5bf/rnet-3.0.0rc20-cp313-cp313t-musllinux_1_2_i686.whl", hash = "sha256:c4ccf045d558dc63cd9aeb6e6d1cff539884d5f61e416108367114ba02713cc1", size = 4019664, upload-time = "2026-01-17T12:35:20.786Z" },
    { url = "https://files.pythonhosted.org/packages/fa/8c/e4ae36241f33219127af398c4073024ddae59c0c637f18c9ffb85d114993/rnet-3.0.0rc20-cp313-cp313t-musllinux_1_2_x86_64.whl", hash = "sha256:feea45ee771b52986800b97dae4c1428883aa73396d7afbb1e48570735a8ce46", size = 4180742, upload-time = "2026-01-17T12:35:26.312Z" },
    { url = "https://files.pythonhosted.org/packages/6f/01/a23434296052a5a86281ed391a626b07aa02cbf7ad5ef16500598c184601/rnet-3.0.0rc20-cp313-cp313t-win32.whl", hash = "sha256:1dbcd4833f0be7dffbfbedb13ff9235697124f93495ecaee788ed3d457c98c5b", size = 3557887, upload-time = "2026-01-17T12:35:47.422Z" },
    { url = "https://files.pythonhosted.org/packages/f1/69/1985d9329c526428641f085ca0bccf21fb9184fa4da27051aa5b4164d8a6/rnet-3.0.0rc20-cp313-cp313t-win_amd64.whl", hash = "sha256:cd7290ff8a1818d52730441e4db174c9c7c3cdd9542aa22723d1fd2709114806", size = 3882464, upload-time = "2026-01-17T12:35:40.575Z" },
    { url = "https://files.pythonhosted.org/packages/ea/44/82b4de49ae124f7a87fc3ac35b7a73b7f8314f3a4dfb9881cee99078c458/rnet-3.0.0rc20-cp313-cp313t-win_arm64.whl", hash = "sha256:abca036b730968738e0da4afbe8b47b059349b57ae33031e18db888775a64599", size = 3554134, upload-time = "2026-01-17T12:35:33.468Z" },
    { url = "https://files.pythonhosted.org/packages/9c/a2/f773624bf4abf5ba458adfb633dead483ac8e67567fe9b7d76370e8f510b/rnet-3.0.0rc20-cp314-abi3-android_21_arm64_v8a.whl", hash = "sha256:9caf173a713042b1c03be9201721870a8ee59dabcac4e778dc1cb128ce984952", size = 3961516, upload-time = "2026-01-17T12:34:23.494Z" },
    { url = "https://files.pythonhosted.org/packages/ae/32/2dba5ff49f36034cd1c958c1af0996a22ece50b4ce9c1d34261cbfa120a5/rnet-3.0.0rc20-cp314-abi3-android_21_x86_64.whl", hash = "sha256:4e5f624fed180c84a1750953c1bb6dce2760ec831c058c45f7b90b1370ed1de4", size = 4073320, upload-time = "2026-01-17T12:34:25.811Z" },
    { url = "https://files.pythonhosted.org/packages/a5/b4/79b04a9658b35c9faa5d89454408222a0d18fdda3e1a635995296bddda66/rnet-3.0.0rc20-cp314-cp314t-macosx_10_12_x86_64.whl", hash = "sha256:21a2b55f2b6dfe516397d1aeed43a98e56c7a1cc4cdfb28c430a290da6b7fdca", size = 3997379, upload-time = "2026-01-17T12:35:02.735Z" },
    { url = "https://files.pythonhosted.org/packages/3f/4c/f90a513e8a24050824da5ffbae793ed479d129fb61fe8109897c32b80a73/rnet-3.0.0rc20-cp314-cp314t-macosx_11_0_arm64.whl", hash = "sha256:33b6260680fc88795efefe4380e3013e13c431b8a47df643b8bd12a719ef53b3", size = 3765902, upload-time = "2026-01-17T12:34:55.819Z" },
    { url = "https://files.pythonhosted.org/packages/ad/98/085df6c8a05d3033cf7070b58c7a32b2eef75a3d1d11df11cab46d2b3256/rnet-3.0.0rc20-cp314-cp314t-manylinux_2_17_x86_64.manylinux2014_x86_64.whl", hash = "sha256:876c802f19115071c5e64e1d6742ffd43f3ca01a2f94cacac6a0b3ffad75e20d", size = 4125648, upload-time = "2026-01-17T12:34:49.89Z" },
    { url = "https://files.pythonhosted.org/packages/14/f4/61d9138b144ef6035b631ec685b7d150c06bb6a56230312edfe0ea2ef44f/rnet-3.0.0rc20-cp314-cp314t-manylinux_2_34_aarch64.whl", hash = "sha256:0c41a495e3fb1c75404536c74f0385a11cdb52800cad123ab5e5621275703d1a", size = 4183214, upload-time = "2026-01-17T12:34:29.826Z" },
    { url = "https://files.pythonhosted.org/packages/59/dd/59c99be8d773cc95b47de847bb2ce559ee400ff780a9f92b439c375956ec/rnet-3.0.0rc20-cp314-cp314t-manylinux_2_34_armv7l.whl", hash = "sha256:8da5d080f5ab4662fe598e18cc2eac3265c2e0fc7e7ff89f8895b0e813f9dbe9", size = 3880608, upload-time = "2026-01-17T12:34:36.81Z" },
    { url = "https://files.pythonhosted.org/packages/19/43/4cbddb4d91d72006a810f319af19ade05a2aed994e75557f2a94fec73a8d/rnet-3.0.0rc20-cp314-cp314t-manylinux_2_34_i686.whl", hash = "sha256:5656e848210212ccacfd96f86240e4be0695f9c0bc46c16a65e082036774abdc", size = 4270307, upload-time = "2026-01-17T12:34:43.313Z" },
    { url = "https://files.pythonhosted.org/packages/79/d5/67f33206f1b9e7912a9d76f10187465f4d266df5dd43257d01be048dfa03/rnet-3.0.0rc20-cp314-cp314t-musllinux_1_2_aarch64.whl", hash = "sha256:6c5513818c979f9af5ea3a3cddc780307b15900a1c077fce8a8904f066c334f1", size = 3971800, upload-time = "2026-01-17T12:35:11.174Z" },
    { url = "https://files.pythonhosted.org/packages/2b/46/9447f55987fcde250d2d5d9605a6dca92899fb10c724e404d427e188b5a5/rnet-3.0.0rc20-cp314-cp314t-musllinux_1_2_armv7l.whl", hash = "sha256:2f4bb2a09183510c29623ee25f2873d6dd744ccebe58cbcfbe671586f288e3cf", size = 3911968, upload-time = "2026-01-17T12:35:16.794Z" },
    { url = "https://files.pythonhosted.org/packages/44/8b/944e058b628c9d9716909159960b4d1864e86c97df0d7ebf1357e2f893d4/rnet-3.0.0rc20-cp314-cp314t-musllinux_1_2_i686.whl", hash = "sha256:7cb65e8be7f5de100d62dd766ae0c3c55d64496c96e5c3f0fea248cf5244f980", size = 4014203, upload-time = "2026-01-17T12:35:22.678Z" },
    { url = "https://files.pythonhosted.org/packages/51/63/c2dedd46b1e49d618bca5db587122138d60a9c71d62092b73ddb9f93f152/rnet-3.0.0rc20-cp314-cp314t-musllinux_1_2_x86_64.whl", hash = "sha256:f203779e18daf1e7b862363e39205024d11f8fa0cf15c278a455ab4ca13dc88c", size = 4177254, upload-time = "2026-01-17T12:35:28.14Z" },
    { url = "https://files.pythonhosted.org/packages/1b/82/f85189c05a99c205736aaa775fd8371cc329feeccb9ad171c9b5ee54786f/rnet-3.0.0rc20-cp314-cp314t-win32.whl", hash = "sha256:1b044455ff0ee95b4358b25fd4e9cd1aa2c35cfd7e00985f2b1e22821cacd243", size = 3550612, upload-time = "2026-01-17T12:35:49.735Z" },
    { url = "https://files.pythonhosted.org/packages/17/79/ce77d8a5ba3978d19febea4dcf0cbeafd1521ef1de366d7b53d838c972fd/rnet-3.0.0rc20-cp314-cp314t-win_amd64.whl", hash = "sha256:b0bd586d873d3fd4cf55fe36d918bdfb96f7a3d0d27ca2d517ecc1f84a51f7aa", size = 3877112, upload-time = "2026-01-17T12:35:42.48Z" },
    { url = "https://files.pythonhosted.org/packages/9c/2c/6836f7147534edf3f4b8a0ffd30d6fb245fd3c3d0be5cfa522d83bc542a3/rnet-3.0.0rc20-cp314-cp314t-win_arm64.whl", hash = "sha256:97fefc8337cf8956847bcd0fbfa59d6b48bf0cd2344ccb40b9db2134b7467b88", size = 3550451, upload-time = "2026-01-17T12:35:35.54Z" },
]

[[package]]
name = "soupsieve"
version = "2.8.3"
source = { registry = "https://pypi.org/simple" }
sdist = { url = "https://files.pythonhosted.org/packages/7b/ae/2d9c981590ed9999a0d91755b47fc74f74de286b0f5cee14c9269041e6c4/soupsieve-2.8.3.tar.gz", hash = "sha256:3267f1eeea4251fb42728b6dfb746edc9acaffc4a45b27e19450b676586e8349", size = 118627, upload-time = "2026-01-20T04:27:02.457Z" }
wheels = [
    { url = "https://files.pythonhosted.org/packages/46/2c/1462b1d0a634697ae9e55b3cecdcb64788e8b7d63f54d923fcd0bb140aed/soupsieve-2.8.3-py3-none-any.whl", hash = "sha256:ed64f2ba4eebeab06cc4962affce381647455978ffc1e36bb79a545b91f45a95", size = 37016, upload-time = "2026-01-20T04:27:01.012Z" },
]

[[package]]
name = "typing-extensions"
version = "4.15.0"
source = { registry = "https://pypi.org/simple" }
sdist = { url = "https://files.pythonhosted.org/packages/72/94/1a15dd82efb362ac84269196e94cf00f187f7ed21c242792a923cdb1c61f/typing_extensions-4.15.0.tar.gz", hash = "sha256:0cea48d173cc12fa28ecabc3b837ea3cf6f38c6d1136f85cbaaf598984861466", size = 109391, upload-time = "2025-08-25T13:49:26.313Z" }
wheels = [
    { url = "https://files.pythonhosted.org/packages/18/67/36e9267722cc04a6b9f15c7f3441c2363321a3ea07da7ae0c0707beb2a9c/typing_extensions-4.15.0-py3-none-any.whl", hash = "sha256:f0fa19c6845758ab08074a0cfa8b7aecb71c999ca73d62883bc25cc018c4e548", size = 44614, upload-time = "2025-08-25T13:49:24.86Z" },
]
